# This file is automatically @generated by Poetry 1.8.5 and should not be changed by hand.

[[package]]
name = "certifi"
version = "2025.6.15"
description = "Python package for providing Mozilla's CA Bundle."
optional = false
python-versions = ">=3.7"
files = [
    {file = "certifi-2025.6.15-py3-none-any.whl", hash = "sha256:2e0c7ce7cb5d8f8634ca55d2ba7e6ec2689a2fd6537d8dec1296a477a4910057"},
    {file = "certifi-2025.6.15.tar.gz", hash = "sha256:d747aa5a8b9bbbb1bb8c22bb13e22bd1f18e9796defa16bab421f7f7a317323b"},
]

[[package]]
name = "charset-normalizer"
version = "3.4.2"
description = "The Real First Universal Charset Detector. Open, modern and actively maintained alternative to Chardet."
optional = false
python-versions = ">=3.7"
files = [
    {file = "charset_normalizer-3.4.2-cp310-cp310-macosx_10_9_universal2.whl", hash = "sha256:7c48ed483eb946e6c04ccbe02c6b4d1d48e51944b6db70f697e089c193404941"},
    {file = "charset_normalizer-3.4.2-cp310-cp310-manylinux_2_17_aarch64.manylinux2014_aarch64.whl", hash = "sha256:b2d318c11350e10662026ad0eb71bb51c7812fc8590825304ae0bdd4ac283acd"},
    {file = "charset_normalizer-3.4.2-cp310-cp310-manylinux_2_17_ppc64le.manylinux2014_ppc64le.whl", hash = "sha256:9cbfacf36cb0ec2897ce0ebc5d08ca44213af24265bd56eca54bee7923c48fd6"},
    {file = "charset_normalizer-3.4.2-cp310-cp310-manylinux_2_17_s390x.manylinux2014_s390x.whl", hash = "sha256:18dd2e350387c87dabe711b86f83c9c78af772c748904d372ade190b5c7c9d4d"},
    {file = "charset_normalizer-3.4.2-cp310-cp310-manylinux_2_17_x86_64.manylinux2014_x86_64.whl", hash = "sha256:8075c35cd58273fee266c58c0c9b670947c19df5fb98e7b66710e04ad4e9ff86"},
    {file = "charset_normalizer-3.4.2-cp310-cp310-manylinux_2_5_i686.manylinux1_i686.manylinux_2_17_i686.manylinux2014_i686.whl", hash = "sha256:5bf4545e3b962767e5c06fe1738f951f77d27967cb2caa64c28be7c4563e162c"},
    {file = "charset_normalizer-3.4.2-cp310-cp310-musllinux_1_2_aarch64.whl", hash = "sha256:7a6ab32f7210554a96cd9e33abe3ddd86732beeafc7a28e9955cdf22ffadbab0"},
    {file = "charset_normalizer-3.4.2-cp310-cp310-musllinux_1_2_i686.whl", hash = "sha256:b33de11b92e9f75a2b545d6e9b6f37e398d86c3e9e9653c4864eb7e89c5773ef"},
    {file = "charset_normalizer-3.4.2-cp310-cp310-musllinux_1_2_ppc64le.whl", hash = "sha256:8755483f3c00d6c9a77f490c17e6ab0c8729e39e6390328e42521ef175380ae6"},
    {file = "charset_normalizer-3.4.2-cp310-cp310-musllinux_1_2_s390x.whl", hash = "sha256:68a328e5f55ec37c57f19ebb1fdc56a248db2e3e9ad769919a58672958e8f366"},
    {file = "charset_normalizer-3.4.2-cp310-cp310-musllinux_1_2_x86_64.whl", hash = "sha256:21b2899062867b0e1fde9b724f8aecb1af14f2778d69aacd1a5a1853a597a5db"},
    {file = "charset_normalizer-3.4.2-cp310-cp310-win32.whl", hash = "sha256:e8082b26888e2f8b36a042a58307d5b917ef2b1cacab921ad3323ef91901c71a"},
    {file = "charset_normalizer-3.4.2-cp310-cp310-win_amd64.whl", hash = "sha256:f69a27e45c43520f5487f27627059b64aaf160415589230992cec34c5e18a509"},
    {file = "charset_normalizer-3.4.2-cp311-cp311-macosx_10_9_universal2.whl", hash = "sha256:be1e352acbe3c78727a16a455126d9ff83ea2dfdcbc83148d2982305a04714c2"},
    {file = "charset_normalizer-3.4.2-cp311-cp311-manylinux_2_17_aarch64.manylinux2014_aarch64.whl", hash = "sha256:aa88ca0b1932e93f2d961bf3addbb2db902198dca337d88c89e1559e066e7645"},
    {file = "charset_normalizer-3.4.2-cp311-cp311-manylinux_2_17_ppc64le.manylinux2014_ppc64le.whl", hash = "sha256:d524ba3f1581b35c03cb42beebab4a13e6cdad7b36246bd22541fa585a56cccd"},
    {file = "charset_normalizer-3.4.2-cp311-cp311-manylinux_2_17_s390x.manylinux2014_s390x.whl", hash = "sha256:28a1005facc94196e1fb3e82a3d442a9d9110b8434fc1ded7a24a2983c9888d8"},
    {file = "charset_normalizer-3.4.2-cp311-cp311-manylinux_2_17_x86_64.manylinux2014_x86_64.whl", hash = "sha256:fdb20a30fe1175ecabed17cbf7812f7b804b8a315a25f24678bcdf120a90077f"},
    {file = "charset_normalizer-3.4.2-cp311-cp311-manylinux_2_5_i686.manylinux1_i686.manylinux_2_17_i686.manylinux2014_i686.whl", hash = "sha256:0f5d9ed7f254402c9e7d35d2f5972c9bbea9040e99cd2861bd77dc68263277c7"},
    {file = "charset_normalizer-3.4.2-cp311-cp311-musllinux_1_2_aarch64.whl", hash = "sha256:efd387a49825780ff861998cd959767800d54f8308936b21025326de4b5a42b9"},
    {file = "charset_normalizer-3.4.2-cp311-cp311-musllinux_1_2_i686.whl", hash = "sha256:f0aa37f3c979cf2546b73e8222bbfa3dc07a641585340179d768068e3455e544"},
    {file = "charset_normalizer-3.4.2-cp311-cp311-musllinux_1_2_ppc64le.whl", hash = "sha256:e70e990b2137b29dc5564715de1e12701815dacc1d056308e2b17e9095372a82"},
    {file = "charset_normalizer-3.4.2-cp311-cp311-musllinux_1_2_s390x.whl", hash = "sha256:0c8c57f84ccfc871a48a47321cfa49ae1df56cd1d965a09abe84066f6853b9c0"},
    {file = "charset_normalizer-3.4.2-cp311-cp311-musllinux_1_2_x86_64.whl", hash = "sha256:6b66f92b17849b85cad91259efc341dce9c1af48e2173bf38a85c6329f1033e5"},
    {file = "charset_normalizer-3.4.2-cp311-cp311-win32.whl", hash = "sha256:daac4765328a919a805fa5e2720f3e94767abd632ae410a9062dff5412bae65a"},
    {file = "charset_normalizer-3.4.2-cp311-cp311-win_amd64.whl", hash = "sha256:e53efc7c7cee4c1e70661e2e112ca46a575f90ed9ae3fef200f2a25e954f4b28"},
    {file = "charset_normalizer-3.4.2-cp312-cp312-macosx_10_13_universal2.whl", hash = "sha256:0c29de6a1a95f24b9a1aa7aefd27d2487263f00dfd55a77719b530788f75cff7"},
    {file = "charset_normalizer-3.4.2-cp312-cp312-manylinux_2_17_aarch64.manylinux2014_aarch64.whl", hash = "sha256:cddf7bd982eaa998934a91f69d182aec997c6c468898efe6679af88283b498d3"},
    {file = "charset_normalizer-3.4.2-cp312-cp312-manylinux_2_17_ppc64le.manylinux2014_ppc64le.whl", hash = "sha256:fcbe676a55d7445b22c10967bceaaf0ee69407fbe0ece4d032b6eb8d4565982a"},
    {file = "charset_normalizer-3.4.2-cp312-cp312-manylinux_2_17_s390x.manylinux2014_s390x.whl", hash = "sha256:d41c4d287cfc69060fa91cae9683eacffad989f1a10811995fa309df656ec214"},
    {file = "charset_normalizer-3.4.2-cp312-cp312-manylinux_2_17_x86_64.manylinux2014_x86_64.whl", hash = "sha256:4e594135de17ab3866138f496755f302b72157d115086d100c3f19370839dd3a"},
    {file = "charset_normalizer-3.4.2-cp312-cp312-manylinux_2_5_i686.manylinux1_i686.manylinux_2_17_i686.manylinux2014_i686.whl", hash = "sha256:cf713fe9a71ef6fd5adf7a79670135081cd4431c2943864757f0fa3a65b1fafd"},
    {file = "charset_normalizer-3.4.2-cp312-cp312-musllinux_1_2_aarch64.whl", hash = "sha256:a370b3e078e418187da8c3674eddb9d983ec09445c99a3a263c2011993522981"},
    {file = "charset_normalizer-3.4.2-cp312-cp312-musllinux_1_2_i686.whl", hash = "sha256:a955b438e62efdf7e0b7b52a64dc5c3396e2634baa62471768a64bc2adb73d5c"},
    {file = "charset_normalizer-3.4.2-cp312-cp312-musllinux_1_2_ppc64le.whl", hash = "sha256:7222ffd5e4de8e57e03ce2cef95a4c43c98fcb72ad86909abdfc2c17d227fc1b"},
    {file = "charset_normalizer-3.4.2-cp312-cp312-musllinux_1_2_s390x.whl", hash = "sha256:bee093bf902e1d8fc0ac143c88902c3dfc8941f7ea1d6a8dd2bcb786d33db03d"},
    {file = "charset_normalizer-3.4.2-cp312-cp312-musllinux_1_2_x86_64.whl", hash = "sha256:dedb8adb91d11846ee08bec4c8236c8549ac721c245678282dcb06b221aab59f"},
    {file = "charset_normalizer-3.4.2-cp312-cp312-win32.whl", hash = "sha256:db4c7bf0e07fc3b7d89ac2a5880a6a8062056801b83ff56d8464b70f65482b6c"},
    {file = "charset_normalizer-3.4.2-cp312-cp312-win_amd64.whl", hash = "sha256:5a9979887252a82fefd3d3ed2a8e3b937a7a809f65dcb1e068b090e165bbe99e"},
    {file = "charset_normalizer-3.4.2-cp313-cp313-macosx_10_13_universal2.whl", hash = "sha256:926ca93accd5d36ccdabd803392ddc3e03e6d4cd1cf17deff3b989ab8e9dbcf0"},
    {file = "charset_normalizer-3.4.2-cp313-cp313-manylinux_2_17_aarch64.manylinux2014_aarch64.whl", hash = "sha256:eba9904b0f38a143592d9fc0e19e2df0fa2e41c3c3745554761c5f6447eedabf"},
    {file = "charset_normalizer-3.4.2-cp313-cp313-manylinux_2_17_ppc64le.manylinux2014_ppc64le.whl", hash = "sha256:3fddb7e2c84ac87ac3a947cb4e66d143ca5863ef48e4a5ecb83bd48619e4634e"},
    {file = "charset_normalizer-3.4.2-cp313-cp313-manylinux_2_17_s390x.manylinux2014_s390x.whl", hash = "sha256:98f862da73774290f251b9df8d11161b6cf25b599a66baf087c1ffe340e9bfd1"},
    {file = "charset_normalizer-3.4.2-cp313-cp313-manylinux_2_17_x86_64.manylinux2014_x86_64.whl", hash = "sha256:6c9379d65defcab82d07b2a9dfbfc2e95bc8fe0ebb1b176a3190230a3ef0e07c"},
    {file = "charset_normalizer-3.4.2-cp313-cp313-manylinux_2_5_i686.manylinux1_i686.manylinux_2_17_i686.manylinux2014_i686.whl", hash = "sha256:e635b87f01ebc977342e2697d05b56632f5f879a4f15955dfe8cef2448b51691"},
    {file = "charset_normalizer-3.4.2-cp313-cp313-musllinux_1_2_aarch64.whl", hash = "sha256:1c95a1e2902a8b722868587c0e1184ad5c55631de5afc0eb96bc4b0d738092c0"},
    {file = "charset_normalizer-3.4.2-cp313-cp313-musllinux_1_2_i686.whl", hash = "sha256:ef8de666d6179b009dce7bcb2ad4c4a779f113f12caf8dc77f0162c29d20490b"},
    {file = "charset_normalizer-3.4.2-cp313-cp313-musllinux_1_2_ppc64le.whl", hash = "sha256:32fc0341d72e0f73f80acb0a2c94216bd704f4f0bce10aedea38f30502b271ff"},
    {file = "charset_normalizer-3.4.2-cp313-cp313-musllinux_1_2_s390x.whl", hash = "sha256:289200a18fa698949d2b39c671c2cc7a24d44096784e76614899a7ccf2574b7b"},
    {file = "charset_normalizer-3.4.2-cp313-cp313-musllinux_1_2_x86_64.whl", hash = "sha256:4a476b06fbcf359ad25d34a057b7219281286ae2477cc5ff5e3f70a246971148"},
    {file = "charset_normalizer-3.4.2-cp313-cp313-win32.whl", hash = "sha256:aaeeb6a479c7667fbe1099af9617c83aaca22182d6cf8c53966491a0f1b7ffb7"},
    {file = "charset_normalizer-3.4.2-cp313-cp313-win_amd64.whl", hash = "sha256:aa6af9e7d59f9c12b33ae4e9450619cf2488e2bbe9b44030905877f0b2324980"},
    {file = "charset_normalizer-3.4.2-cp37-cp37m-manylinux_2_17_aarch64.manylinux2014_aarch64.whl", hash = "sha256:1cad5f45b3146325bb38d6855642f6fd609c3f7cad4dbaf75549bf3b904d3184"},
    {file = "charset_normalizer-3.4.2-cp37-cp37m-manylinux_2_17_ppc64le.manylinux2014_ppc64le.whl", hash = "sha256:b2680962a4848b3c4f155dc2ee64505a9c57186d0d56b43123b17ca3de18f0fa"},
    {file = "charset_normalizer-3.4.2-cp37-cp37m-manylinux_2_17_s390x.manylinux2014_s390x.whl", hash = "sha256:36b31da18b8890a76ec181c3cf44326bf2c48e36d393ca1b72b3f484113ea344"},
    {file = "charset_normalizer-3.4.2-cp37-cp37m-manylinux_2_17_x86_64.manylinux2014_x86_64.whl", hash = "sha256:f4074c5a429281bf056ddd4c5d3b740ebca4d43ffffe2ef4bf4d2d05114299da"},
    {file = "charset_normalizer-3.4.2-cp37-cp37m-manylinux_2_5_i686.manylinux1_i686.manylinux_2_17_i686.manylinux2014_i686.whl", hash = "sha256:c9e36a97bee9b86ef9a1cf7bb96747eb7a15c2f22bdb5b516434b00f2a599f02"},
    {file = "charset_normalizer-3.4.2-cp37-cp37m-musllinux_1_2_aarch64.whl", hash = "sha256:1b1bde144d98e446b056ef98e59c256e9294f6b74d7af6846bf5ffdafd687a7d"},
    {file = "charset_normalizer-3.4.2-cp37-cp37m-musllinux_1_2_i686.whl", hash = "sha256:915f3849a011c1f593ab99092f3cecfcb4d65d8feb4a64cf1bf2d22074dc0ec4"},
    {file = "charset_normalizer-3.4.2-cp37-cp37m-musllinux_1_2_ppc64le.whl", hash = "sha256:fb707f3e15060adf5b7ada797624a6c6e0138e2a26baa089df64c68ee98e040f"},
    {file = "charset_normalizer-3.4.2-cp37-cp37m-musllinux_1_2_s390x.whl", hash = "sha256:25a23ea5c7edc53e0f29bae2c44fcb5a1aa10591aae107f2a2b2583a9c5cbc64"},
    {file = "charset_normalizer-3.4.2-cp37-cp37m-musllinux_1_2_x86_64.whl", hash = "sha256:770cab594ecf99ae64c236bc9ee3439c3f46be49796e265ce0cc8bc17b10294f"},
    {file = "charset_normalizer-3.4.2-cp37-cp37m-win32.whl", hash = "sha256:6a0289e4589e8bdfef02a80478f1dfcb14f0ab696b5a00e1f4b8a14a307a3c58"},
    {file = "charset_normalizer-3.4.2-cp37-cp37m-win_amd64.whl", hash = "sha256:6fc1f5b51fa4cecaa18f2bd7a003f3dd039dd615cd69a2afd6d3b19aed6775f2"},
    {file = "charset_normalizer-3.4.2-cp38-cp38-macosx_10_9_universal2.whl", hash = "sha256:76af085e67e56c8816c3ccf256ebd136def2ed9654525348cfa744b6802b69eb"},
    {file = "charset_normalizer-3.4.2-cp38-cp38-manylinux_2_17_aarch64.manylinux2014_aarch64.whl", hash = "sha256:e45ba65510e2647721e35323d6ef54c7974959f6081b58d4ef5d87c60c84919a"},
    {file = "charset_normalizer-3.4.2-cp38-cp38-manylinux_2_17_ppc64le.manylinux2014_ppc64le.whl", hash = "sha256:046595208aae0120559a67693ecc65dd75d46f7bf687f159127046628178dc45"},
    {file = "charset_normalizer-3.4.2-cp38-cp38-manylinux_2_17_s390x.manylinux2014_s390x.whl", hash = "sha256:75d10d37a47afee94919c4fab4c22b9bc2a8bf7d4f46f87363bcf0573f3ff4f5"},
    {file = "charset_normalizer-3.4.2-cp38-cp38-manylinux_2_17_x86_64.manylinux2014_x86_64.whl", hash = "sha256:6333b3aa5a12c26b2a4d4e7335a28f1475e0e5e17d69d55141ee3cab736f66d1"},
    {file = "charset_normalizer-3.4.2-cp38-cp38-manylinux_2_5_i686.manylinux1_i686.manylinux_2_17_i686.manylinux2014_i686.whl", hash = "sha256:e8323a9b031aa0393768b87f04b4164a40037fb2a3c11ac06a03ffecd3618027"},
    {file = "charset_normalizer-3.4.2-cp38-cp38-musllinux_1_2_aarch64.whl", hash = "sha256:24498ba8ed6c2e0b56d4acbf83f2d989720a93b41d712ebd4f4979660db4417b"},
    {file = "charset_normalizer-3.4.2-cp38-cp38-musllinux_1_2_i686.whl", hash = "sha256:844da2b5728b5ce0e32d863af26f32b5ce61bc4273a9c720a9f3aa9df73b1455"},
    {file = "charset_normalizer-3.4.2-cp38-cp38-musllinux_1_2_ppc64le.whl", hash = "sha256:65c981bdbd3f57670af8b59777cbfae75364b483fa8a9f420f08094531d54a01"},
    {file = "charset_normalizer-3.4.2-cp38-cp38-musllinux_1_2_s390x.whl", hash = "sha256:3c21d4fca343c805a52c0c78edc01e3477f6dd1ad7c47653241cf2a206d4fc58"},
    {file = "charset_normalizer-3.4.2-cp38-cp38-musllinux_1_2_x86_64.whl", hash = "sha256:dc7039885fa1baf9be153a0626e337aa7ec8bf96b0128605fb0d77788ddc1681"},
    {file = "charset_normalizer-3.4.2-cp38-cp38-win32.whl", hash = "sha256:8272b73e1c5603666618805fe821edba66892e2870058c94c53147602eab29c7"},
    {file = "charset_normalizer-3.4.2-cp38-cp38-win_amd64.whl", hash = "sha256:70f7172939fdf8790425ba31915bfbe8335030f05b9913d7ae00a87d4395620a"},
    {file = "charset_normalizer-3.4.2-cp39-cp39-macosx_10_9_universal2.whl", hash = "sha256:005fa3432484527f9732ebd315da8da8001593e2cf46a3d817669f062c3d9ed4"},
    {file = "charset_normalizer-3.4.2-cp39-cp39-manylinux_2_17_aarch64.manylinux2014_aarch64.whl", hash = "sha256:e92fca20c46e9f5e1bb485887d074918b13543b1c2a1185e69bb8d17ab6236a7"},
    {file = "charset_normalizer-3.4.2-cp39-cp39-manylinux_2_17_ppc64le.manylinux2014_ppc64le.whl", hash = "sha256:50bf98d5e563b83cc29471fa114366e6806bc06bc7a25fd59641e41445327836"},
    {file = "charset_normalizer-3.4.2-cp39-cp39-manylinux_2_17_s390x.manylinux2014_s390x.whl", hash = "sha256:721c76e84fe669be19c5791da68232ca2e05ba5185575086e384352e2c309597"},
    {file = "charset_normalizer-3.4.2-cp39-cp39-manylinux_2_17_x86_64.manylinux2014_x86_64.whl", hash = "sha256:82d8fd25b7f4675d0c47cf95b594d4e7b158aca33b76aa63d07186e13c0e0ab7"},
    {file = "charset_normalizer-3.4.2-cp39-cp39-manylinux_2_5_i686.manylinux1_i686.manylinux_2_17_i686.manylinux2014_i686.whl", hash = "sha256:b3daeac64d5b371dea99714f08ffc2c208522ec6b06fbc7866a450dd446f5c0f"},
    {file = "charset_normalizer-3.4.2-cp39-cp39-musllinux_1_2_aarch64.whl", hash = "sha256:dccab8d5fa1ef9bfba0590ecf4d46df048d18ffe3eec01eeb73a42e0d9e7a8ba"},
    {file = "charset_normalizer-3.4.2-cp39-cp39-musllinux_1_2_i686.whl", hash = "sha256:aaf27faa992bfee0264dc1f03f4c75e9fcdda66a519db6b957a3f826e285cf12"},
    {file = "charset_normalizer-3.4.2-cp39-cp39-musllinux_1_2_ppc64le.whl", hash = "sha256:eb30abc20df9ab0814b5a2524f23d75dcf83cde762c161917a2b4b7b55b1e518"},
    {file = "charset_normalizer-3.4.2-cp39-cp39-musllinux_1_2_s390x.whl", hash = "sha256:c72fbbe68c6f32f251bdc08b8611c7b3060612236e960ef848e0a517ddbe76c5"},
    {file = "charset_normalizer-3.4.2-cp39-cp39-musllinux_1_2_x86_64.whl", hash = "sha256:982bb1e8b4ffda883b3d0a521e23abcd6fd17418f6d2c4118d257a10199c0ce3"},
    {file = "charset_normalizer-3.4.2-cp39-cp39-win32.whl", hash = "sha256:43e0933a0eff183ee85833f341ec567c0980dae57c464d8a508e1b2ceb336471"},
    {file = "charset_normalizer-3.4.2-cp39-cp39-win_amd64.whl", hash = "sha256:d11b54acf878eef558599658b0ffca78138c8c3655cf4f3a4a673c437e67732e"},
    {file = "charset_normalizer-3.4.2-py3-none-any.whl", hash = "sha256:7f56930ab0abd1c45cd15be65cc741c28b1c9a34876ce8c17a2fa107810c0af0"},
    {file = "charset_normalizer-3.4.2.tar.gz", hash = "sha256:5baececa9ecba31eff645232d59845c07aa030f0c81ee70184a90d35099a0e63"},
]

[[package]]
name = "idna"
version = "3.10"
description = "Internationalized Domain Names in Applications (IDNA)"
optional = false
python-versions = ">=3.6"
files = [
    {file = "idna-3.10-py3-none-any.whl", hash = "sha256:946d195a0d259cbba61165e88e65941f16e9b36ea6ddb97f00452bae8b1287d3"},
    {file = "idna-3.10.tar.gz", hash = "sha256:12f65c9b470abda6dc35cf8e63cc574b1c52b11df2c86030af0ac09b01b13ea9"},
]

[package.extras]
all = ["flake8 (>=7.1.1)", "mypy (>=1.11.2)", "pytest (>=8.3.2)", "ruff (>=0.6.2)"]

[[package]]
name = "linkify-it-py"
version = "2.0.3"
description = "Links recognition library with FULL unicode support."
optional = false
python-versions = ">=3.7"
files = [
    {file = "linkify-it-py-2.0.3.tar.gz", hash = "sha256:68cda27e162e9215c17d786649d1da0021a451bdc436ef9e0fa0ba5234b9b048"},
    {file = "linkify_it_py-2.0.3-py3-none-any.whl", hash = "sha256:6bcbc417b0ac14323382aef5c5192c0075bf8a9d6b41820a2b66371eac6b6d79"},
]

[package.dependencies]
uc-micro-py = "*"

[package.extras]
benchmark = ["pytest", "pytest-benchmark"]
dev = ["black", "flake8", "isort", "pre-commit", "pyproject-flake8"]
doc = ["myst-parser", "sphinx", "sphinx-book-theme"]
test = ["coverage", "pytest", "pytest-cov"]

[[package]]
name = "markdown-it-py"
version = "3.0.0"
description = "Python port of markdown-it. Markdown parsing, done right!"
optional = false
python-versions = ">=3.8"
files = [
    {file = "markdown-it-py-3.0.0.tar.gz", hash = "sha256:e3f60a94fa066dc52ec76661e37c851cb232d92f9886b15cb560aaada2df8feb"},
    {file = "markdown_it_py-3.0.0-py3-none-any.whl", hash = "sha256:355216845c60bd96232cd8d8c40e8f9765cc86f46880e43a8fd22dc1a1a8cab1"},
]

[package.dependencies]
linkify-it-py = {version = ">=1,<3", optional = true, markers = "extra == \"linkify\""}
mdit-py-plugins = {version = "*", optional = true, markers = "extra == \"plugins\""}
mdurl = ">=0.1,<1.0"

[package.extras]
benchmarking = ["psutil", "pytest", "pytest-benchmark"]
code-style = ["pre-commit (>=3.0,<4.0)"]
compare = ["commonmark (>=0.9,<1.0)", "markdown (>=3.4,<4.0)", "mistletoe (>=1.0,<2.0)", "mistune (>=2.0,<3.0)", "panflute (>=2.3,<3.0)"]
linkify = ["linkify-it-py (>=1,<3)"]
plugins = ["mdit-py-plugins"]
profiling = ["gprof2dot"]
rtd = ["jupyter_sphinx", "mdit-py-plugins", "myst-parser", "pyyaml", "sphinx", "sphinx-copybutton", "sphinx-design", "sphinx_book_theme"]
testing = ["coverage", "pytest", "pytest-cov", "pytest-regressions"]

[[package]]
name = "mdit-py-plugins"
version = "0.4.2"
description = "Collection of plugins for markdown-it-py"
optional = false
python-versions = ">=3.8"
files = [
    {file = "mdit_py_plugins-0.4.2-py3-none-any.whl", hash = "sha256:0c673c3f889399a33b95e88d2f0d111b4447bdfea7f237dab2d488f459835636"},
    {file = "mdit_py_plugins-0.4.2.tar.gz", hash = "sha256:5f2cd1fdb606ddf152d37ec30e46101a60512bc0e5fa1a7002c36647b09e26b5"},
]

[package.dependencies]
markdown-it-py = ">=1.0.0,<4.0.0"

[package.extras]
code-style = ["pre-commit"]
rtd = ["myst-parser", "sphinx-book-theme"]
testing = ["coverage", "pytest", "pytest-cov", "pytest-regressions"]

[[package]]
name = "mdurl"
version = "0.1.2"
description = "Markdown URL utilities"
optional = false
python-versions = ">=3.7"
files = [
    {file = "mdurl-0.1.2-py3-none-any.whl", hash = "sha256:84008a41e51615a49fc9966191ff91509e3c40b939176e643fd50a5c2196b8f8"},
    {file = "mdurl-0.1.2.tar.gz", hash = "sha256:bb413d29f5eea38f31dd4754dd7377d4465116fb207585f97bf925588687c1ba"},
]

[[package]]
name = "networkx"
version = "3.5"
description = "Python package for creating and manipulating graphs and networks"
optional = false
python-versions = ">=3.11"
files = [
    {file = "networkx-3.5-py3-none-any.whl", hash = "sha256:0030d386a9a06dee3565298b4a734b68589749a544acbb6c412dc9e2489ec6ec"},
    {file = "networkx-3.5.tar.gz", hash = "sha256:d4c6f9cf81f52d69230866796b82afbccdec3db7ae4fbd1b65ea750feed50037"},
]

[package.extras]
default = ["matplotlib (>=3.8)", "numpy (>=1.25)", "pandas (>=2.0)", "scipy (>=1.11.2)"]
developer = ["mypy (>=1.15)", "pre-commit (>=4.1)"]
doc = ["intersphinx-registry", "myst-nb (>=1.1)", "numpydoc (>=1.8.0)", "pillow (>=10)", "pydata-sphinx-theme (>=0.16)", "sphinx (>=8.0)", "sphinx-gallery (>=0.18)", "texext (>=0.6.7)"]
example = ["cairocffi (>=1.7)", "contextily (>=1.6)", "igraph (>=0.11)", "momepy (>=0.7.2)", "osmnx (>=2.0.0)", "scikit-learn (>=1.5)", "seaborn (>=0.13)"]
extra = ["lxml (>=4.6)", "pydot (>=3.0.1)", "pygraphviz (>=1.14)", "sympy (>=1.10)"]
test = ["pytest (>=7.2)", "pytest-cov (>=4.0)", "pytest-xdist (>=3.0)"]
test-extras = ["pytest-mpl", "pytest-randomly"]

[[package]]
name = "platformdirs"
version = "4.3.8"
description = "A small Python package for determining appropriate platform-specific dirs, e.g. a `user data dir`."
optional = false
python-versions = ">=3.9"
files = [
    {file = "platformdirs-4.3.8-py3-none-any.whl", hash = "sha256:ff7059bb7eb1179e2685604f4aaf157cfd9535242bd23742eadc3c13542139b4"},
    {file = "platformdirs-4.3.8.tar.gz", hash = "sha256:3d512d96e16bcb959a814c9f348431070822a6496326a4be0911c40b5a74c2bc"},
]

[package.extras]
docs = ["furo (>=2024.8.6)", "proselint (>=0.14)", "sphinx (>=8.1.3)", "sphinx-autodoc-typehints (>=3)"]
test = ["appdirs (==1.4.4)", "covdefaults (>=2.3)", "pytest (>=8.3.4)", "pytest-cov (>=6)", "pytest-mock (>=3.14)"]
type = ["mypy (>=1.14.1)"]

[[package]]
name = "pygments"
version = "2.19.2"
description = "Pygments is a syntax highlighting package written in Python."
optional = false
python-versions = ">=3.8"
files = [
    {file = "pygments-2.19.2-py3-none-any.whl", hash = "sha256:86540386c03d588bb81d44bc3928634ff26449851e99741617ecb9037ee5ec0b"},
    {file = "pygments-2.19.2.tar.gz", hash = "sha256:636cb2477cec7f8952536970bc533bc43743542f70392ae026374600add5b887"},
]

[package.extras]
windows-terminal = ["colorama (>=0.4.6)"]

[[package]]
name = "pyjson5"
version = "1.6.9"
description = "JSON5 serializer and parser for Python 3 written in Cython."
optional = false
python-versions = "~=3.7"
files = [
    {file = "pyjson5-1.6.9-cp310-cp310-macosx_10_9_universal2.whl", hash = "sha256:bd84d94e8422e14292f1acc8edcc7deaee313eb7475c113ba77a16c0ac384160"},
    {file = "pyjson5-1.6.9-cp310-cp310-macosx_10_9_x86_64.whl", hash = "sha256:f4a3215d5ecab101e0e9752d4aec6935ab45a82f6f0282283307bbab495c9677"},
    {file = "pyjson5-1.6.9-cp310-cp310-macosx_11_0_arm64.whl", hash = "sha256:5797c32db7acc41402b0c999f4f0cf1ed7ffdd9df2b2d84bc754e59c644999d0"},
    {file = "pyjson5-1.6.9-cp310-cp310-manylinux_2_17_aarch64.manylinux2014_aarch64.whl", hash = "sha256:5809a30c8bdb68831cc7c00cc260b3a3e8185b04516058394717f90d9f00f428"},
    {file = "pyjson5-1.6.9-cp310-cp310-manylinux_2_17_armv7l.manylinux2014_armv7l.manylinux_2_31_armv7l.whl", hash = "sha256:86650998b4d0d08795429ee1814342833896989d65d8dc1deb9a544cd2d38434"},
    {file = "pyjson5-1.6.9-cp310-cp310-manylinux_2_17_ppc64le.manylinux2014_ppc64le.whl", hash = "sha256:82eff8cecd2744c5c9becc0c60fd15b8d96f272e358dcb27c993d138ff09e650"},
    {file = "pyjson5-1.6.9-cp310-cp310-manylinux_2_17_s390x.manylinux2014_s390x.whl", hash = "sha256:5c589dc2bb48e6229f6fddf0f86634534b24f19960273475429e3ba690118a96"},
    {file = "pyjson5-1.6.9-cp310-cp310-manylinux_2_17_x86_64.manylinux2014_x86_64.whl", hash = "sha256:a7c6fb7a1f1ffcd266ededfe3dec5bf68989ada9fedb238a3260d020386ea81c"},
    {file = "pyjson5-1.6.9-cp310-cp310-manylinux_2_5_i686.manylinux1_i686.manylinux_2_17_i686.manylinux2014_i686.whl", hash = "sha256:82fdeb5754a772d8ed7d67982a3f64fb9b1eb0b3fb6daf7a061921eefba23326"},
    {file = "pyjson5-1.6.9-cp310-cp310-musllinux_1_2_aarch64.whl", hash = "sha256:93c3f8feb95e599d1a1b87291b0c14693775512bdda4bf95dcef83c5d80e9c69"},
    {file = "pyjson5-1.6.9-cp310-cp310-musllinux_1_2_armv7l.whl", hash = "sha256:64d04cc1fd7cc2e02e770db9f9ddde69d95f6385a17f135642a1d9b15d6ca326"},
    {file = "pyjson5-1.6.9-cp310-cp310-musllinux_1_2_i686.whl", hash = "sha256:a8ee704fee7e60767bcc91ac510a87ee551e2eb85e01a1353e67d8c3add0ce2a"},
    {file = "pyjson5-1.6.9-cp310-cp310-musllinux_1_2_ppc64le.whl", hash = "sha256:81248399ee082aecaa6b5c5019063826c5bd80c6bbb39a67952f7cbeffa24fd9"},
    {file = "pyjson5-1.6.9-cp310-cp310-musllinux_1_2_s390x.whl", hash = "sha256:58020a57d49c6baf142c6891fc932cdc7474020841eb624918ab3a5af4694a47"},
    {file = "pyjson5-1.6.9-cp310-cp310-musllinux_1_2_x86_64.whl", hash = "sha256:406eaf4bb7e5354f5d3f5e1d34f7afd1d971696798cba88e65a53971b5d557e7"},
    {file = "pyjson5-1.6.9-cp310-cp310-win32.whl", hash = "sha256:39b0e9641ca70efa6f7ff725afda83e3eb4a84b1a97d0c38aa13abe5622c4e1d"},
    {file = "pyjson5-1.6.9-cp310-cp310-win_amd64.whl", hash = "sha256:594ceb310e99d9fe0d3e74361841cc535561ef52a79c0aaa8b6d640d11f43eb2"},
    {file = "pyjson5-1.6.9-cp310-cp310-win_arm64.whl", hash = "sha256:b1e71df87ee24b45b1e680d6efa75cacafc488d861285a983adf348576d264e7"},
    {file = "pyjson5-1.6.9-cp311-cp311-macosx_10_9_universal2.whl", hash = "sha256:001440b986f226e65237179a2a9721f0e78d6e75a7779d9941d0f10522fce12c"},
    {file = "pyjson5-1.6.9-cp311-cp311-macosx_10_9_x86_64.whl", hash = "sha256:92a80fce259648ba939c4783064c0245ad841881d73db9da9c4877d6c6ccc4e7"},
    {file = "pyjson5-1.6.9-cp311-cp311-macosx_11_0_arm64.whl", hash = "sha256:9676a20a7fa05463e143bb6c2a479f0c4530ef9f81c0d1af764452f0ee3640c3"},
    {file = "pyjson5-1.6.9-cp311-cp311-manylinux_2_17_aarch64.manylinux2014_aarch64.whl", hash = "sha256:f51de3798f4f056a9dc27d8a845fcf1b317fa7eb30b33753e0b3190208b68a57"},
    {file = "pyjson5-1.6.9-cp311-cp311-manylinux_2_17_armv7l.manylinux2014_armv7l.manylinux_2_31_armv7l.whl", hash = "sha256:e22567f2533350f5d7ddafb76b5f5449867a44d8bbc85fb82cf27dde08f05eee"},
    {file = "pyjson5-1.6.9-cp311-cp311-manylinux_2_17_ppc64le.manylinux2014_ppc64le.whl", hash = "sha256:a5ee5b7eddc642595b648edf0ee9af5f997ded3e5cda4345b2a8de01766ccdb6"},
    {file = "pyjson5-1.6.9-cp311-cp311-manylinux_2_17_s390x.manylinux2014_s390x.whl", hash = "sha256:0014adf743c4093df511934a6bca5b1e3592b36b96ff86bd74b0c4de05beafe1"},
    {file = "pyjson5-1.6.9-cp311-cp311-manylinux_2_17_x86_64.manylinux2014_x86_64.whl", hash = "sha256:5e334220158e3789fb1c7e67ca200ade1d17c70ddd1373dc1d39d5808645905f"},
    {file = "pyjson5-1.6.9-cp311-cp311-manylinux_2_5_i686.manylinux1_i686.manylinux_2_17_i686.manylinux2014_i686.whl", hash = "sha256:384ce0c40ae635f6cb9f3b653bbf6e93f10207a98d51301805a37a0a47d168da"},
    {file = "pyjson5-1.6.9-cp311-cp311-musllinux_1_2_aarch64.whl", hash = "sha256:2f0096855d931023c23846537b53c1af3f070ac2cb71a44a516fb80550516167"},
    {file = "pyjson5-1.6.9-cp311-cp311-musllinux_1_2_armv7l.whl", hash = "sha256:30cf465a427d0264e2e71b8cb75d606eca00090b4eeadf9ac18f691e032b89c7"},
    {file = "pyjson5-1.6.9-cp311-cp311-musllinux_1_2_i686.whl", hash = "sha256:10412ccc4fffbcd07187e4b0016bbedb1a22adf7bcd8eb4c78823a7e3cf32b9f"},
    {file = "pyjson5-1.6.9-cp311-cp311-musllinux_1_2_ppc64le.whl", hash = "sha256:0ae55ee48ffb5a7f9fc22c135d38f31fc2db43b8dfc69b1285476123fe641697"},
    {file = "pyjson5-1.6.9-cp311-cp311-musllinux_1_2_s390x.whl", hash = "sha256:03742b454bede9a61c2003574b74c8ba5de5d8363b0630f89a164d17bb7562a8"},
    {file = "pyjson5-1.6.9-cp311-cp311-musllinux_1_2_x86_64.whl", hash = "sha256:e229fddb8e5dc7696a438cf72e279540ea281c2dae56b93c7c91bae14d812a93"},
    {file = "pyjson5-1.6.9-cp311-cp311-win32.whl", hash = "sha256:b1b7909ca28e332979006692af9e3079e0e6fe883f0726201b67271e45f7871a"},
    {file = "pyjson5-1.6.9-cp311-cp311-win_amd64.whl", hash = "sha256:3541f78103dab48a43326c4fe47a6175c21b76cf8104f58d8a9822fc6f54fd6d"},
    {file = "pyjson5-1.6.9-cp311-cp311-win_arm64.whl", hash = "sha256:759a6742b72045cfdf188d3af7058dc8a8d63e47b265c344a2a68dc40d156bf3"},
    {file = "pyjson5-1.6.9-cp312-cp312-macosx_10_13_universal2.whl", hash = "sha256:6aea9a2bf0c66ca9a966c9198949c1efdf6a61c4e00d42cb4f3047d4b3b0eb3e"},
    {file = "pyjson5-1.6.9-cp312-cp312-macosx_10_13_x86_64.whl", hash = "sha256:7112cf79212c5634f6af1e15e26998690cd6e4393243fd62570702efb224dc54"},
    {file = "pyjson5-1.6.9-cp312-cp312-macosx_11_0_arm64.whl", hash = "sha256:8524228411e312f19afb417d3dae4e34a2f4f7094fb992aa93b9413111fd1765"},
    {file = "pyjson5-1.6.9-cp312-cp312-manylinux_2_17_aarch64.manylinux2014_aarch64.whl", hash = "sha256:a4cf7e9f9a2f1194178864de70c7e152b0f07fa23ea3a8dcbcf35e8399403477"},
    {file = "pyjson5-1.6.9-cp312-cp312-manylinux_2_17_armv7l.manylinux2014_armv7l.manylinux_2_31_armv7l.whl", hash = "sha256:20c2333f45497452adf803dbc24aedd471303d22942cc26b3806bbd7ca668608"},
    {file = "pyjson5-1.6.9-cp312-cp312-manylinux_2_17_ppc64le.manylinux2014_ppc64le.whl", hash = "sha256:70910ffadb8f10e69a9a379cd4712ab41785957f6b739cfe3c9c14146eae1fcd"},
    {file = "pyjson5-1.6.9-cp312-cp312-manylinux_2_17_s390x.manylinux2014_s390x.whl", hash = "sha256:aac39b8f1a9d0eea4e275ab2c4c45afc8221718b06444b12fc3ee4acb65ff7ce"},
    {file = "pyjson5-1.6.9-cp312-cp312-manylinux_2_17_x86_64.manylinux2014_x86_64.whl", hash = "sha256:96ea440ff46d5f05d79e09582007b4d887111dcbf971900a9c40e8de83e48d2d"},
    {file = "pyjson5-1.6.9-cp312-cp312-manylinux_2_5_i686.manylinux1_i686.manylinux_2_17_i686.manylinux2014_i686.whl", hash = "sha256:09cbd1dc018bf5d3ec34128635df0545f2074bb019c00e37b885a03a454eef00"},
    {file = "pyjson5-1.6.9-cp312-cp312-musllinux_1_2_aarch64.whl", hash = "sha256:2ba2866a42a31b0aaab292f141f6b535cca47983786ed38f0ab7e128c0c70d27"},
    {file = "pyjson5-1.6.9-cp312-cp312-musllinux_1_2_armv7l.whl", hash = "sha256:f77023f210edf75764b3392d5b58736bfe42c80546e3f1b8e7bad182fdc4685d"},
    {file = "pyjson5-1.6.9-cp312-cp312-musllinux_1_2_i686.whl", hash = "sha256:bd7453845bfcb5e3af55206184da28af2a5beb8eaf5196dc2da81a7ba90fc12c"},
    {file = "pyjson5-1.6.9-cp312-cp312-musllinux_1_2_ppc64le.whl", hash = "sha256:b7441803def1be9cf6e1f42d550f2ec37b459aa854cea4da5ecc8e03a9b52ed8"},
    {file = "pyjson5-1.6.9-cp312-cp312-musllinux_1_2_s390x.whl", hash = "sha256:beb673830e1c8db01861cab2df06af51480091d69063d028d6f77557fa58eb05"},
    {file = "pyjson5-1.6.9-cp312-cp312-musllinux_1_2_x86_64.whl", hash = "sha256:d36ec72d063c4f1ea46b1d83f2fcdf63ba18c201a128f552e06d5f385f80e6f2"},
    {file = "pyjson5-1.6.9-cp312-cp312-win32.whl", hash = "sha256:f4f6dc39723048aa6d4816bb52e8ed50b5886b5ae92c3d6b4a7d62e6cf544779"},
    {file = "pyjson5-1.6.9-cp312-cp312-win_amd64.whl", hash = "sha256:cc2715ddadd685f674329a7aa48e5fdbbb96346d6f61981027e1cf4c70632067"},
    {file = "pyjson5-1.6.9-cp312-cp312-win_arm64.whl", hash = "sha256:452ddb98b1ccf738dc722d3ce7fa7640c8f7345d68dc077c383fb141e35b88da"},
    {file = "pyjson5-1.6.9-cp313-cp313-macosx_10_13_universal2.whl", hash = "sha256:e0c37d6ab63df496d01ecadf957a74879285ed7a7f6500af3c14e09c073a2c9b"},
    {file = "pyjson5-1.6.9-cp313-cp313-macosx_10_13_x86_64.whl", hash = "sha256:f5d48146117c3f6e16a0d4da0a4607a3d148894cc248ab6af4bd1832c6d4eac6"},
    {file = "pyjson5-1.6.9-cp313-cp313-macosx_11_0_arm64.whl", hash = "sha256:94e6005e98ef5defb6c7aa3d7010723cb8faf3cf878b919241c9a857f95ad7e3"},
    {file = "pyjson5-1.6.9-cp313-cp313-manylinux_2_17_aarch64.manylinux2014_aarch64.whl", hash = "sha256:429256f888ce0d61066f070ad696ded9c6d62a8570aef6b683356f9ca0d8f9c0"},
    {file = "pyjson5-1.6.9-cp313-cp313-manylinux_2_17_armv7l.manylinux2014_armv7l.manylinux_2_31_armv7l.whl", hash = "sha256:90c6ba0134a9217ee6dfed91a0020aa9d0366d27b1bbee63e6ed8b1f46ee813f"},
    {file = "pyjson5-1.6.9-cp313-cp313-manylinux_2_17_ppc64le.manylinux2014_ppc64le.whl", hash = "sha256:897f8534a384ab10e11140c0852f1397af2d8d7c064b50eb41a1c6973da95a2a"},
    {file = "pyjson5-1.6.9-cp313-cp313-manylinux_2_17_s390x.manylinux2014_s390x.whl", hash = "sha256:6f568fd0b0adc4f152aaa58493ab88543289ee30a2b5a1d20cbc63cae12fe3c5"},
    {file = "pyjson5-1.6.9-cp313-cp313-manylinux_2_17_x86_64.manylinux2014_x86_64.whl", hash = "sha256:ced7da1c042fe086674bcd28817516fb858617af5a547862621f94827fe70d2f"},
    {file = "pyjson5-1.6.9-cp313-cp313-manylinux_2_5_i686.manylinux1_i686.manylinux_2_17_i686.manylinux2014_i686.whl", hash = "sha256:364372ebcc1770abd35c6a67e0716d3419117d536e1383baed45de364ecfaace"},
    {file = "pyjson5-1.6.9-cp313-cp313-musllinux_1_2_aarch64.whl", hash = "sha256:d9330aed86005d00339e65aca95cfe388e0d5b91a0fe063da8032be51b083130"},
    {file = "pyjson5-1.6.9-cp313-cp313-musllinux_1_2_armv7l.whl", hash = "sha256:d6e678a71f8125bade49683ad60fa9798f8502d35eef2a93f13a5684bfe534b4"},
    {file = "pyjson5-1.6.9-cp313-cp313-musllinux_1_2_i686.whl", hash = "sha256:7709c097d60518d0be59504020b4549694ffd01c2bccb583bf489a3de8f54da8"},
    {file = "pyjson5-1.6.9-cp313-cp313-musllinux_1_2_ppc64le.whl", hash = "sha256:1f1f9bf8a097f3c2436028be563ba6fbce75cb48c1a7142c67e935fd8b63ae07"},
    {file = "pyjson5-1.6.9-cp313-cp313-musllinux_1_2_s390x.whl", hash = "sha256:22dc2201250b665771669093894311991d6517f92a78efb2d63dae2353132180"},
    {file = "pyjson5-1.6.9-cp313-cp313-musllinux_1_2_x86_64.whl", hash = "sha256:d16dd99a8c8ca55e446633c6346fc4de30a4eff5eaf0d8376db95965e5acaf8f"},
    {file = "pyjson5-1.6.9-cp313-cp313-win32.whl", hash = "sha256:dc918fc4d88643763304f18a9742cbdff45b9163dc5e4cb3a38e2accedb67c5e"},
    {file = "pyjson5-1.6.9-cp313-cp313-win_amd64.whl", hash = "sha256:7bd659d782bb5b5ef84fbfcd57cdef19c4178a4c83bb0dc82b5e7d5157d17d15"},
    {file = "pyjson5-1.6.9-cp313-cp313-win_arm64.whl", hash = "sha256:fed7cf6605bbdb310395d81cc8abb4403ed88ae1f3c37256445e9c01ea073eab"},
    {file = "pyjson5-1.6.9-cp37-cp37m-macosx_10_9_x86_64.whl", hash = "sha256:ab3c9783fb8a1b4362a6e7ce242e3c0a0e9ba4f372a678ad1802bb6199864d74"},
    {file = "pyjson5-1.6.9-cp37-cp37m-manylinux_2_17_aarch64.manylinux2014_aarch64.whl", hash = "sha256:d71eae5c6c72f003e1303ce73f76f7a765e5d5cd216a4aae1c2e7711ba4c0dd2"},
    {file = "pyjson5-1.6.9-cp37-cp37m-manylinux_2_17_armv7l.manylinux2014_armv7l.manylinux_2_31_armv7l.whl", hash = "sha256:f93192935e2cef0cc4eb675c2b2a0ec8e68a8efac890259351c8d7802a7193fe"},
    {file = "pyjson5-1.6.9-cp37-cp37m-manylinux_2_17_ppc64le.manylinux2014_ppc64le.whl", hash = "sha256:28bce6656db6552ae05d6d1117793ee19113b23923a47586f684d9b0a13da0e8"},
    {file = "pyjson5-1.6.9-cp37-cp37m-manylinux_2_17_s390x.manylinux2014_s390x.whl", hash = "sha256:f9411294f7bb8d842c348aae59aa5b33ad8e76ce4a3a4ad9665d8fd04e018c0a"},
    {file = "pyjson5-1.6.9-cp37-cp37m-manylinux_2_17_x86_64.manylinux2014_x86_64.whl", hash = "sha256:e8e6c4025878cd3e97af3eecfabfa088a17798cf8dbf42b60b57c81f494586a3"},
    {file = "pyjson5-1.6.9-cp37-cp37m-manylinux_2_5_i686.manylinux1_i686.manylinux_2_17_i686.manylinux2014_i686.whl", hash = "sha256:dbfeee33abe68c7c0952c3d9076e31056aba9a0877339dd85683dd63742f5e95"},
    {file = "pyjson5-1.6.9-cp37-cp37m-musllinux_1_2_aarch64.whl", hash = "sha256:9aff233d66cb08f5fb4bab34bffc6007b71acff508607e723ebea3d0ec78236e"},
    {file = "pyjson5-1.6.9-cp37-cp37m-musllinux_1_2_armv7l.whl", hash = "sha256:5382de2408dc5e66cf397558f47fa99c19c0b52082453350d952ae371150b8f1"},
    {file = "pyjson5-1.6.9-cp37-cp37m-musllinux_1_2_i686.whl", hash = "sha256:1442d68d81b5fd61e98fbb19be1bf6fe845bc0550fc37660d415f7f7bd7cfe27"},
    {file = "pyjson5-1.6.9-cp37-cp37m-musllinux_1_2_ppc64le.whl", hash = "sha256:21d7687a9377b05d112580f13f6b03555a2da1555e44c592902026bc14a98989"},
    {file = "pyjson5-1.6.9-cp37-cp37m-musllinux_1_2_s390x.whl", hash = "sha256:e6f670d9df62fa3b3fe724ee837950d855929617a854348846a9b5975096eb7d"},
    {file = "pyjson5-1.6.9-cp37-cp37m-musllinux_1_2_x86_64.whl", hash = "sha256:d55001960b1d9a6455e81804fbf6542b3d57b92c91166e55549eda52da9f3af0"},
    {file = "pyjson5-1.6.9-cp37-cp37m-win32.whl", hash = "sha256:88e784397d44c14c70af472e7e0d5e141d8ec67a406aaa1e465ed0e0a0b62dd1"},
    {file = "pyjson5-1.6.9-cp37-cp37m-win_amd64.whl", hash = "sha256:6a307e7bc6df85f3b1b54f62ce0dc2f784115b839d8d2d949705a11e2b0ad517"},
    {file = "pyjson5-1.6.9-cp38-cp38-macosx_10_9_universal2.whl", hash = "sha256:fcb910e843e119bbe90f3898d5a95d1d0f452bb88b29614f76015b9b15fa5753"},
    {file = "pyjson5-1.6.9-cp38-cp38-macosx_10_9_x86_64.whl", hash = "sha256:632d331ba0de878e5a8a4fe4a3bc7a68225dcd87ba87a429ee92434535d057ca"},
    {file = "pyjson5-1.6.9-cp38-cp38-macosx_11_0_arm64.whl", hash = "sha256:8fb78a9da81674b13df0ebf7b299897b0aa734a944028b639743225c6aa4caac"},
    {file = "pyjson5-1.6.9-cp38-cp38-manylinux_2_17_aarch64.manylinux2014_aarch64.whl", hash = "sha256:9444ae9f8982b584ae2dbbecdd510189de577e879f794619afc62b5ea9109d26"},
    {file = "pyjson5-1.6.9-cp38-cp38-manylinux_2_17_armv7l.manylinux2014_armv7l.manylinux_2_31_armv7l.whl", hash = "sha256:5efd518c27b63f74c59f79aa9e3892f6d18cef9fc400be3bb05a12b90896a97e"},
    {file = "pyjson5-1.6.9-cp38-cp38-manylinux_2_17_ppc64le.manylinux2014_ppc64le.whl", hash = "sha256:e859101d682399a72cd1d96b0cfcb7110c054b870f0389d86e014161a21cdcdd"},
    {file = "pyjson5-1.6.9-cp38-cp38-manylinux_2_17_s390x.manylinux2014_s390x.whl", hash = "sha256:97401f7465dcba52da29d63718b2b69e2ca9b51cee64bdf0ae79279ebf100250"},
    {file = "pyjson5-1.6.9-cp38-cp38-manylinux_2_17_x86_64.manylinux2014_x86_64.whl", hash = "sha256:d2420b2ee2d68ce56f4c22fb471f738006ec0977e3666a21a9aaf441d963c38c"},
    {file = "pyjson5-1.6.9-cp38-cp38-manylinux_2_5_i686.manylinux1_i686.manylinux_2_17_i686.manylinux2014_i686.whl", hash = "sha256:c04a350059667d5fa6768e0f2b2ae874ccf402309d8132dceacdf8a92f9a5bd9"},
    {file = "pyjson5-1.6.9-cp38-cp38-musllinux_1_2_aarch64.whl", hash = "sha256:e85cd01a583a02e5bda920e69d7dd425eba0ac9a6ff5be5c40abff8c2aa3b0fa"},
    {file = "pyjson5-1.6.9-cp38-cp38-musllinux_1_2_armv7l.whl", hash = "sha256:46841aed0b414aabbedc9d0df4d0568833c5c6c29d58a4550575a4a4b6365206"},
    {file = "pyjson5-1.6.9-cp38-cp38-musllinux_1_2_i686.whl", hash = "sha256:c5e6b7fcbcaa08a8b59ff6b17162fde443d61ede8f8165bd67fa5719032ecd5e"},
    {file = "pyjson5-1.6.9-cp38-cp38-musllinux_1_2_ppc64le.whl", hash = "sha256:b8525cd88dba52b55ce5a4efaaaa05378c596ff6ec1ee7a500cca9fac12a001d"},
    {file = "pyjson5-1.6.9-cp38-cp38-musllinux_1_2_s390x.whl", hash = "sha256:d5c93042513df889a4fe05c9dbf5c47c7a5a05c54cc8a0094d685a9199efbd39"},
    {file = "pyjson5-1.6.9-cp38-cp38-musllinux_1_2_x86_64.whl", hash = "sha256:74cb4e173de02d78bca5e21e0ed433df880f4e976104e49a559ee430545f6bbb"},
    {file = "pyjson5-1.6.9-cp38-cp38-win32.whl", hash = "sha256:a719b276cacea63b28ab1d5de0f136a26732a7bedc7b5ef1a0c5a5747d852b42"},
    {file = "pyjson5-1.6.9-cp38-cp38-win_amd64.whl", hash = "sha256:27488b7a015077ccf800db536fc52d0fd870c7493f92db7f5f27e3150ac4c3f9"},
    {file = "pyjson5-1.6.9-cp39-cp39-macosx_10_9_universal2.whl", hash = "sha256:8b1c159806c6967c8e2d32bb2d9f99f610071777f84133be5479ce1b318330b7"},
    {file = "pyjson5-1.6.9-cp39-cp39-macosx_10_9_x86_64.whl", hash = "sha256:2bbb2bb8af94128cb05361c6d8dd3cdca240e8c02920d6723e93b7d8c127b9d7"},
    {file = "pyjson5-1.6.9-cp39-cp39-macosx_11_0_arm64.whl", hash = "sha256:e3468a3b8509648cf4d92ebc05fe94261330829137f225621b4778796b067c68"},
    {file = "pyjson5-1.6.9-cp39-cp39-manylinux_2_17_aarch64.manylinux2014_aarch64.whl", hash = "sha256:c39c6bc7a502778d860b5f8b09fe72c4c9d75a073233ffc5dee96df3290d9d16"},
    {file = "pyjson5-1.6.9-cp39-cp39-manylinux_2_17_armv7l.manylinux2014_armv7l.manylinux_2_31_armv7l.whl", hash = "sha256:d442b6575a1e002adfb1c99ae3002632ab2fdb4859150fdac1414974805e5fb7"},
    {file = "pyjson5-1.6.9-cp39-cp39-manylinux_2_17_ppc64le.manylinux2014_ppc64le.whl", hash = "sha256:df4f548fed26561c53cc0a8a19432b0f74e0837484b4b06bbe5eb951abbb4c06"},
    {file = "pyjson5-1.6.9-cp39-cp39-manylinux_2_17_s390x.manylinux2014_s390x.whl", hash = "sha256:90adaebc95819ed5fdb84881ae9083867cc5fd646c665433fd19459eb1ef1f7c"},
    {file = "pyjson5-1.6.9-cp39-cp39-manylinux_2_17_x86_64.manylinux2014_x86_64.whl", hash = "sha256:c626104ecf59907976ccccc8d47f0e07e3c2b1c45b21efcc84c71f96643b0f81"},
    {file = "pyjson5-1.6.9-cp39-cp39-manylinux_2_5_i686.manylinux1_i686.manylinux_2_17_i686.manylinux2014_i686.whl", hash = "sha256:469abb3e01556e608f4931bf4217af575c51fbf2e3b05067b6ab2f24ae59015b"},
    {file = "pyjson5-1.6.9-cp39-cp39-musllinux_1_2_aarch64.whl", hash = "sha256:950f4d162338f3c6223875d8eeb097b8ca76a5716664777594ef3b755bfdb936"},
    {file = "pyjson5-1.6.9-cp39-cp39-musllinux_1_2_armv7l.whl", hash = "sha256:b4355d5f9edba434ef2a474d3fbfd91821be54e86b959ab12ccb1b48c9a872fe"},
    {file = "pyjson5-1.6.9-cp39-cp39-musllinux_1_2_i686.whl", hash = "sha256:8b9e409f0eca16f3fbbf31f0d6e50b1779a88c8b8c550acc92604b2e3bca1450"},
    {file = "pyjson5-1.6.9-cp39-cp39-musllinux_1_2_ppc64le.whl", hash = "sha256:55f299cc8ee717951cb5ba866d85ab2d6c083965d47f4568b340591a2145136c"},
    {file = "pyjson5-1.6.9-cp39-cp39-musllinux_1_2_s390x.whl", hash = "sha256:c94a85e46b3b9039d630bfcf8f0656dd205e921cad285d483940a2b0e79eabea"},
    {file = "pyjson5-1.6.9-cp39-cp39-musllinux_1_2_x86_64.whl", hash = "sha256:ffd652318c2b483b4321a06c74ffe9281d8b795c996abcf6d6010129729f652e"},
    {file = "pyjson5-1.6.9-cp39-cp39-win32.whl", hash = "sha256:9398dfc696cdc45a9dcdd1c50051c5e259014d99482857ebea164201fafdbad0"},
    {file = "pyjson5-1.6.9-cp39-cp39-win_amd64.whl", hash = "sha256:c89596795f24d9e3041867e8d801caeb46f0cf94e858f1820d71c185818c10ab"},
    {file = "pyjson5-1.6.9-cp39-cp39-win_arm64.whl", hash = "sha256:0ad9c24d20ce825df70701361c7b7da04f703f8f5ff3cf565b156ff02e24db02"},
    {file = "pyjson5-1.6.9.tar.gz", hash = "sha256:5c91a06dad5cb73127b0ef4e1befff836f65244278372a94751367dfb0a80af5"},
]

[[package]]
name = "requests"
version = "2.32.4"
description = "Python HTTP for Humans."
optional = false
python-versions = ">=3.8"
files = [
    {file = "requests-2.32.4-py3-none-any.whl", hash = "sha256:27babd3cda2a6d50b30443204ee89830707d396671944c998b5975b031ac2b2c"},
    {file = "requests-2.32.4.tar.gz", hash = "sha256:27d0316682c8a29834d3264820024b62a36942083d52caf2f14c0591336d3422"},
]

[package.dependencies]
certifi = ">=2017.4.17"
charset_normalizer = ">=2,<4"
idna = ">=2.5,<4"
urllib3 = ">=1.21.1,<3"

[package.extras]
socks = ["PySocks (>=1.5.6,!=1.5.7)"]
use-chardet-on-py3 = ["chardet (>=3.0.2,<6)"]

[[package]]
name = "rich"
version = "14.0.0"
description = "Render rich text, tables, progress bars, syntax highlighting, markdown and more to the terminal"
optional = false
python-versions = ">=3.8.0"
files = [
    {file = "rich-14.0.0-py3-none-any.whl", hash = "sha256:1c9491e1951aac09caffd42f448ee3d04e58923ffe14993f6e83068dc395d7e0"},
    {file = "rich-14.0.0.tar.gz", hash = "sha256:82f1bc23a6a21ebca4ae0c45af9bdbc492ed20231dcb63f297d6d1021a9d5725"},
]

[package.dependencies]
markdown-it-py = ">=2.2.0"
pygments = ">=2.13.0,<3.0.0"

[package.extras]
jupyter = ["ipywidgets (>=7.5.1,<9)"]

[[package]]
name = "textual"
version = "3.5.0"
description = "Modern Text User Interface framework"
optional = false
python-versions = "<4.0.0,>=3.8.1"
files = [
    {file = "textual-3.5.0-py3-none-any.whl", hash = "sha256:7c960efb70391b754e66201776793de2b26d699d51fb91f5f78401d13cec79a1"},
    {file = "textual-3.5.0.tar.gz", hash = "sha256:c4a440338694672acf271c74904f1cf1e4a64c6761c056b02a561774b81a04f4"},
]

[package.dependencies]
markdown-it-py = {version = ">=2.1.0", extras = ["linkify", "plugins"]}
platformdirs = ">=3.6.0,<5"
rich = ">=13.3.3"
typing-extensions = ">=4.4.0,<5.0.0"

[package.extras]
syntax = ["tree-sitter (>=0.23.0)", "tree-sitter-bash (>=0.23.0)", "tree-sitter-css (>=0.23.0)", "tree-sitter-go (>=0.23.0)", "tree-sitter-html (>=0.23.0)", "tree-sitter-java (>=0.23.0)", "tree-sitter-javascript (>=0.23.0)", "tree-sitter-json (>=0.24.0)", "tree-sitter-markdown (>=0.3.0)", "tree-sitter-python (>=0.23.0)", "tree-sitter-regex (>=0.24.0)", "tree-sitter-rust (>=0.23.0,<=0.23.2)", "tree-sitter-sql (>=0.3.0,<0.3.8)", "tree-sitter-toml (>=0.6.0)", "tree-sitter-xml (>=0.7.0)", "tree-sitter-yaml (>=0.6.0)"]

[[package]]
name = "toml"
version = "0.10.2"
description = "Python Library for Tom's Obvious, Minimal Language"
optional = false
python-versions = ">=2.6, !=3.0.*, !=3.1.*, !=3.2.*"
files = [
    {file = "toml-0.10.2-py2.py3-none-any.whl", hash = "sha256:806143ae5bfb6a3c6e736a764057db0e6a0e05e338b5630894a5f779cabb4f9b"},
    {file = "toml-0.10.2.tar.gz", hash = "sha256:b3bda1d108d5dd99f4a20d24d9c348e91c4db7ab1b749200bded2f839ccbe68f"},
]

[[package]]
name = "typing-extensions"
version = "4.14.0"
description = "Backported and Experimental Type Hints for Python 3.9+"
optional = false
python-versions = ">=3.9"
files = [
    {file = "typing_extensions-4.14.0-py3-none-any.whl", hash = "sha256:a1514509136dd0b477638fc68d6a91497af5076466ad0fa6c338e44e359944af"},
    {file = "typing_extensions-4.14.0.tar.gz", hash = "sha256:8676b788e32f02ab42d9e7c61324048ae4c6d844a399eebace3d4979d75ceef4"},
]

[[package]]
name = "uc-micro-py"
version = "1.0.3"
description = "Micro subset of unicode data files for linkify-it-py projects."
optional = false
python-versions = ">=3.7"
files = [
    {file = "uc-micro-py-1.0.3.tar.gz", hash = "sha256:d321b92cff673ec58027c04015fcaa8bb1e005478643ff4a500882eaab88c48a"},
    {file = "uc_micro_py-1.0.3-py3-none-any.whl", hash = "sha256:db1dffff340817673d7b466ec86114a9dc0e9d4d9b5ba229d9d60e5c12600cd5"},
]

[package.extras]
test = ["coverage", "pytest", "pytest-cov"]

[[package]]
name = "urllib3"
version = "2.5.0"
description = "HTTP library with thread-safe connection pooling, file post, and more."
optional = false
python-versions = ">=3.9"
files = [
    {file = "urllib3-2.5.0-py3-none-any.whl", hash = "sha256:e6b01673c0fa6a13e374b50871808eb3bf7046c4b125b216f6bf1cc604cff0dc"},
    {file = "urllib3-2.5.0.tar.gz", hash = "sha256:3fc47733c7e419d4bc3f6b3dc2b4f890bb743906a30d56ba4a5bfa4bbff92760"},
]

[package.extras]
brotli = ["brotli (>=1.0.9)", "brotlicffi (>=0.8.0)"]
h2 = ["h2 (>=4,<5)"]
socks = ["pysocks (>=1.5.6,!=1.5.7,<2.0)"]
zstd = ["zstandard (>=0.18.0)"]

[metadata]
lock-version = "2.0"
python-versions = "^3.11"
content-hash = "f6ac252a7ffe16f610c158509ef71e834d6708bbc863a2b642859f092aaa0eeb"
